
Microsoft Visual Studio Solution File, Format Version 12.00
# Visual Studio Version 17
VisualStudioVersion = 17.9.34902.65
MinimumVisualStudioVersion = 10.0.40219.1
Project("{9A19103F-16F7-4668-BE54-9A1E7A4F7556}") = "Taxi.gRPC", "Taxi.gRPC\Taxi.gRPC.csproj", "{8AD073C7-F760-4DA1-AE94-020B72B80091}"
EndProject
Project("{9A19103F-16F7-4668-BE54-9A1E7A4F7556}") = "Taxi.WebApi", "Taxi.WebApi\Taxi.WebApi.csproj", "{71A0155F-C191-444E-836D-ECD41E45F2A7}"
EndProject
Project("{9A19103F-16F7-4668-BE54-9A1E7A4F7556}") = "Taxi.Core", "Taxi.Core\Taxi.Core.csproj", "{59AC0A00-07D2-4ACC-BA03-7761E77E5BB8}"
EndProject
Project("{9A19103F-16F7-4668-BE54-9A1E7A4F7556}") = "Taxi.Domain", "Taxi.Domain\Taxi.Domain.csproj", "{4426DDF4-D660-4547-989F-CE3DEBF370F0}"
EndProject
Project("{9A19103F-16F7-4668-BE54-9A1E7A4F7556}") = "Taxi.Repository", "Taxi.Repository\Taxi.Repository.csproj", "{A5468B74-F0B8-40BC-83A9-15860834E65F}"
EndProject
Project("{2150E333-8FDC-42A3-9474-1A3956D46DE8}") = "Applications", "Applications", "{E56F9050-5152-4274-8D72-E7B96172D728}"
EndProject
Global
	GlobalSection(SolutionConfigurationPlatforms) = preSolution
		Debug|Any CPU = Debug|Any CPU
		Release|Any CPU = Release|Any CPU
	EndGlobalSection
	GlobalSection(ProjectConfigurationPlatforms) = postSolution
		{8AD073C7-F760-4DA1-AE94-020B72B80091}.Debug|Any CPU.ActiveCfg = Debug|Any CPU
		{8AD073C7-F760-4DA1-AE94-020B72B80091}.Debug|Any CPU.Build.0 = Debug|Any CPU
		{8AD073C7-F760-4DA1-AE94-020B72B80091}.Release|Any CPU.ActiveCfg = Release|Any CPU
		{8AD073C7-F760-4DA1-AE94-020B72B80091}.Release|Any CPU.Build.0 = Release|Any CPU
		{71A0155F-C191-444E-836D-ECD41E45F2A7}.Debug|Any CPU.ActiveCfg = Debug|Any CPU
		{71A0155F-C191-444E-836D-ECD41E45F2A7}.Debug|Any CPU.Build.0 = Debug|Any CPU
		{71A0155F-C191-444E-836D-ECD41E45F2A7}.Release|Any CPU.ActiveCfg = Release|Any CPU
		{71A0155F-C191-444E-836D-ECD41E45F2A7}.Release|Any CPU.Build.0 = Release|Any CPU
		{59AC0A00-07D2-4ACC-BA03-7761E77E5BB8}.Debug|Any CPU.ActiveCfg = Debug|Any CPU
		{59AC0A00-07D2-4ACC-BA03-7761E77E5BB8}.Debug|Any CPU.Build.0 = Debug|Any CPU
		{59AC0A00-07D2-4ACC-BA03-7761E77E5BB8}.Release|Any CPU.ActiveCfg = Release|Any CPU
		{59AC0A00-07D2-4ACC-BA03-7761E77E5BB8}.Release|Any CPU.Build.0 = Release|Any CPU
		{4426DDF4-D660-4547-989F-CE3DEBF370F0}.Debug|Any CPU.ActiveCfg = Debug|Any CPU
		{4426DDF4-D660-4547-989F-CE3DEBF370F0}.Debug|Any CPU.Build.0 = Debug|Any CPU
		{4426DDF4-D660-4547-989F-CE3DEBF370F0}.Release|Any CPU.ActiveCfg = Release|Any CPU
		{4426DDF4-D660-4547-989F-CE3DEBF370F0}.Release|Any CPU.Build.0 = Release|Any CPU
		{A5468B74-F0B8-40BC-83A9-15860834E65F}.Debug|Any CPU.ActiveCfg = Debug|Any CPU
		{A5468B74-F0B8-40BC-83A9-15860834E65F}.Debug|Any CPU.Build.0 = Debug|Any CPU
		{A5468B74-F0B8-40BC-83A9-15860834E65F}.Release|Any CPU.ActiveCfg = Release|Any CPU
		{A5468B74-F0B8-40BC-83A9-15860834E65F}.Release|Any CPU.Build.0 = Release|Any CPU
	EndGlobalSection
	GlobalSection(SolutionProperties) = preSolution
		HideSolutionNode = FALSE
	EndGlobalSection
	GlobalSection(NestedProjects) = preSolution
		{8AD073C7-F760-4DA1-AE94-020B72B80091} = {E56F9050-5152-4274-8D72-E7B96172D728}
		{71A0155F-C191-444E-836D-ECD41E45F2A7} = {E56F9050-5152-4274-8D72-E7B96172D728}
	EndGlobalSection
	GlobalSection(ExtensibilityGlobals) = postSolution
		SolutionGuid = {95D8EA44-BEBC-4FA4-AABE-87E94FC0E580}
	EndGlobalSection
EndGlobal
